// !$*UTF8*$!
{
	archiveVersion = 1;
	classes = {
	};
	objectVersion = 46;
	objects = {

/* Begin PBXBuildFile section */
		945C6E0A17ECDD8E00DB6C56 /* HeaderView.xib in Resources */ = {isa = PBXBuildFile; fileRef = 945C6E0917ECDD8E00DB6C56 /* HeaderView.xib */; };
		945C6E2917ED53F600DB6C56 /* FooterView.xib in Resources */ = {isa = PBXBuildFile; fileRef = 945C6E2817ED53F600DB6C56 /* FooterView.xib */; };
		94DADE3F17EBB41D005AD206 /* UIKit.framework in Frameworks */ = {isa = PBXBuildFile; fileRef = 94DADE3E17EBB41D005AD206 /* UIKit.framework */; };
		94DADE4117EBB41D005AD206 /* Foundation.framework in Frameworks */ = {isa = PBXBuildFile; fileRef = 94DADE4017EBB41D005AD206 /* Foundation.framework */; };
		94DADE4317EBB41D005AD206 /* CoreGraphics.framework in Frameworks */ = {isa = PBXBuildFile; fileRef = 94DADE4217EBB41D005AD206 /* CoreGraphics.framework */; };
		94DADE4917EBB41E005AD206 /* InfoPlist.strings in Resources */ = {isa = PBXBuildFile; fileRef = 94DADE4717EBB41E005AD206 /* InfoPlist.strings */; };
		94DADE4B17EBB41E005AD206 /* main.m in Sources */ = {isa = PBXBuildFile; fileRef = 94DADE4A17EBB41E005AD206 /* main.m */; };
		94DADE4F17EBB41E005AD206 /* HomePwnerAppDelegate.m in Sources */ = {isa = PBXBuildFile; fileRef = 94DADE4E17EBB41E005AD206 /* HomePwnerAppDelegate.m */; };
		94DADE5117EBB41E005AD206 /* Default.png in Resources */ = {isa = PBXBuildFile; fileRef = 94DADE5017EBB41E005AD206 /* Default.png */; };
		94DADE5317EBB41E005AD206 /* Default@2x.png in Resources */ = {isa = PBXBuildFile; fileRef = 94DADE5217EBB41E005AD206 /* Default@2x.png */; };
		94DADE5517EBB41E005AD206 /* Default-568h@2x.png in Resources */ = {isa = PBXBuildFile; fileRef = 94DADE5417EBB41E005AD206 /* Default-568h@2x.png */; };
		94DADE5D17EBBA97005AD206 /* ItemsViewController.m in Sources */ = {isa = PBXBuildFile; fileRef = 94DADE5C17EBBA97005AD206 /* ItemsViewController.m */; };
		94DADE6017EBBE18005AD206 /* BNRItem.m in Sources */ = {isa = PBXBuildFile; fileRef = 94DADE5F17EBBE18005AD206 /* BNRItem.m */; };
		94DADE6317EBBF8E005AD206 /* BNRItemStore.m in Sources */ = {isa = PBXBuildFile; fileRef = 94DADE6217EBBF8E005AD206 /* BNRItemStore.m */; };
/* End PBXBuildFile section */

/* Begin PBXFileReference section */
		945C6E0917ECDD8E00DB6C56 /* HeaderView.xib */ = {isa = PBXFileReference; fileEncoding = 4; lastKnownFileType = file.xib; path = HeaderView.xib; sourceTree = "<group>"; };
		945C6E2817ED53F600DB6C56 /* FooterView.xib */ = {isa = PBXFileReference; fileEncoding = 4; lastKnownFileType = file.xib; path = FooterView.xib; sourceTree = "<group>"; };
		94DADE3B17EBB41D005AD206 /* HomePwner.app */ = {isa = PBXFileReference; explicitFileType = wrapper.application; includeInIndex = 0; path = HomePwner.app; sourceTree = BUILT_PRODUCTS_DIR; };
		94DADE3E17EBB41D005AD206 /* UIKit.framework */ = {isa = PBXFileReference; lastKnownFileType = wrapper.framework; name = UIKit.framework; path = System/Library/Frameworks/UIKit.framework; sourceTree = SDKROOT; };
		94DADE4017EBB41D005AD206 /* Foundation.framework */ = {isa = PBXFileReference; lastKnownFileType = wrapper.framework; name = Foundation.framework; path = System/Library/Frameworks/Foundation.framework; sourceTree = SDKROOT; };
		94DADE4217EBB41D005AD206 /* CoreGraphics.framework */ = {isa = PBXFileReference; lastKnownFileType = wrapper.framework; name = CoreGraphics.framework; path = System/Library/Frameworks/CoreGraphics.framework; sourceTree = SDKROOT; };
		94DADE4617EBB41E005AD206 /* HomePwner-Info.plist */ = {isa = PBXFileReference; lastKnownFileType = text.plist.xml; path = "HomePwner-Info.plist"; sourceTree = "<group>"; };
		94DADE4817EBB41E005AD206 /* en */ = {isa = PBXFileReference; lastKnownFileType = text.plist.strings; name = en; path = en.lproj/InfoPlist.strings; sourceTree = "<group>"; };
		94DADE4A17EBB41E005AD206 /* main.m */ = {isa = PBXFileReference; lastKnownFileType = sourcecode.c.objc; path = main.m; sourceTree = "<group>"; };
		94DADE4C17EBB41E005AD206 /* HomePwner-Prefix.pch */ = {isa = PBXFileReference; lastKnownFileType = sourcecode.c.h; path = "HomePwner-Prefix.pch"; sourceTree = "<group>"; };
		94DADE4D17EBB41E005AD206 /* HomePwnerAppDelegate.h */ = {isa = PBXFileReference; lastKnownFileType = sourcecode.c.h; path = HomePwnerAppDelegate.h; sourceTree = "<group>"; };
		94DADE4E17EBB41E005AD206 /* HomePwnerAppDelegate.m */ = {isa = PBXFileReference; lastKnownFileType = sourcecode.c.objc; path = HomePwnerAppDelegate.m; sourceTree = "<group>"; };
		94DADE5017EBB41E005AD206 /* Default.png */ = {isa = PBXFileReference; lastKnownFileType = image.png; path = Default.png; sourceTree = "<group>"; };
		94DADE5217EBB41E005AD206 /* Default@2x.png */ = {isa = PBXFileReference; lastKnownFileType = image.png; path = "Default@2x.png"; sourceTree = "<group>"; };
		94DADE5417EBB41E005AD206 /* Default-568h@2x.png */ = {isa = PBXFileReference; lastKnownFileType = image.png; path = "Default-568h@2x.png"; sourceTree = "<group>"; };
		94DADE5B17EBBA97005AD206 /* ItemsViewController.h */ = {isa = PBXFileReference; fileEncoding = 4; lastKnownFileType = sourcecode.c.h; path = ItemsViewController.h; sourceTree = "<group>"; };
		94DADE5C17EBBA97005AD206 /* ItemsViewController.m */ = {isa = PBXFileReference; fileEncoding = 4; lastKnownFileType = sourcecode.c.objc; path = ItemsViewController.m; sourceTree = "<group>"; };
		94DADE5E17EBBE18005AD206 /* BNRItem.h */ = {isa = PBXFileReference; fileEncoding = 4; lastKnownFileType = sourcecode.c.h; path = BNRItem.h; sourceTree = "<group>"; };
		94DADE5F17EBBE18005AD206 /* BNRItem.m */ = {isa = PBXFileReference; fileEncoding = 4; lastKnownFileType = sourcecode.c.objc; path = BNRItem.m; sourceTree = "<group>"; };
		94DADE6117EBBF8E005AD206 /* BNRItemStore.h */ = {isa = PBXFileReference; fileEncoding = 4; lastKnownFileType = sourcecode.c.h; path = BNRItemStore.h; sourceTree = "<group>"; };
		94DADE6217EBBF8E005AD206 /* BNRItemStore.m */ = {isa = PBXFileReference; fileEncoding = 4; lastKnownFileType = sourcecode.c.objc; path = BNRItemStore.m; sourceTree = "<group>"; };
/* End PBXFileReference section */

/* Begin PBXFrameworksBuildPhase section */
		94DADE3817EBB41D005AD206 /* Frameworks */ = {
			isa = PBXFrameworksBuildPhase;
			buildActionMask = 2147483647;
			files = (
				94DADE3F17EBB41D005AD206 /* UIKit.framework in Frameworks */,
				94DADE4117EBB41D005AD206 /* Foundation.framework in Frameworks */,
				94DADE4317EBB41D005AD206 /* CoreGraphics.framework in Frameworks */,
			);
			runOnlyForDeploymentPostprocessing = 0;
		};
/* End PBXFrameworksBuildPhase section */

/* Begin PBXGroup section */
		94DADE3217EBB41D005AD206 = {
			isa = PBXGroup;
			children = (
				94DADE4417EBB41D005AD206 /* HomePwner */,
				94DADE3D17EBB41D005AD206 /* Frameworks */,
				94DADE3C17EBB41D005AD206 /* Products */,
			);
			sourceTree = "<group>";
		};
		94DADE3C17EBB41D005AD206 /* Products */ = {
			isa = PBXGroup;
			children = (
				94DADE3B17EBB41D005AD206 /* HomePwner.app */,
			);
			name = Products;
			sourceTree = "<group>";
		};
		94DADE3D17EBB41D005AD206 /* Frameworks */ = {
			isa = PBXGroup;
			children = (
				94DADE3E17EBB41D005AD206 /* UIKit.framework */,
				94DADE4017EBB41D005AD206 /* Foundation.framework */,
				94DADE4217EBB41D005AD206 /* CoreGraphics.framework */,
			);
			name = Frameworks;
			sourceTree = "<group>";
		};
		94DADE4417EBB41D005AD206 /* HomePwner */ = {
			isa = PBXGroup;
			children = (
				94DADE5E17EBBE18005AD206 /* BNRItem.h */,
				94DADE5F17EBBE18005AD206 /* BNRItem.m */,
				94DADE5B17EBBA97005AD206 /* ItemsViewController.h */,
				94DADE5C17EBBA97005AD206 /* ItemsViewController.m */,
				94DADE6117EBBF8E005AD206 /* BNRItemStore.h */,
				94DADE6217EBBF8E005AD206 /* BNRItemStore.m */,
				94DADE4D17EBB41E005AD206 /* HomePwnerAppDelegate.h */,
				94DADE4E17EBB41E005AD206 /* HomePwnerAppDelegate.m */,
				945C6E0917ECDD8E00DB6C56 /* HeaderView.xib */,
				945C6E2817ED53F600DB6C56 /* FooterView.xib */,
				94DADE4517EBB41E005AD206 /* Supporting Files */,
			);
			path = HomePwner;
			sourceTree = "<group>";
		};
		94DADE4517EBB41E005AD206 /* Supporting Files */ = {
			isa = PBXGroup;
			children = (
				94DADE4617EBB41E005AD206 /* HomePwner-Info.plist */,
				94DADE4717EBB41E005AD206 /* InfoPlist.strings */,
				94DADE4A17EBB41E005AD206 /* main.m */,
				94DADE4C17EBB41E005AD206 /* HomePwner-Prefix.pch */,
				94DADE5017EBB41E005AD206 /* Default.png */,
				94DADE5217EBB41E005AD206 /* Default@2x.png */,
				94DADE5417EBB41E005AD206 /* Default-568h@2x.png */,
			);
			name = "Supporting Files";
			sourceTree = "<group>";
		};
/* End PBXGroup section */

/* Begin PBXNativeTarget section */
		94DADE3A17EBB41D005AD206 /* HomePwner */ = {
			isa = PBXNativeTarget;
			buildConfigurationList = 94DADE5817EBB41E005AD206 /* Build configuration list for PBXNativeTarget "HomePwner" */;
			buildPhases = (
				94DADE3717EBB41D005AD206 /* Sources */,
				94DADE3817EBB41D005AD206 /* Frameworks */,
				94DADE3917EBB41D005AD206 /* Resources */,
			);
			buildRules = (
			);
			dependencies = (
			);
			name = HomePwner;
			productName = HomePwner;
			productReference = 94DADE3B17EBB41D005AD206 /* HomePwner.app */;
			productType = "com.apple.product-type.application";
		};
/* End PBXNativeTarget section */

/* Begin PBXProject section */
		94DADE3317EBB41D005AD206 /* Project object */ = {
			isa = PBXProject;
			attributes = {
				CLASSPREFIX = HomePwner;
				LastUpgradeCheck = 0460;
				ORGANIZATIONNAME = "Ryan Case";
			};
			buildConfigurationList = 94DADE3617EBB41D005AD206 /* Build configuration list for PBXProject "HomePwner" */;
			compatibilityVersion = "Xcode 3.2";
			developmentRegion = English;
			hasScannedForEncodings = 0;
			knownRegions = (
				en,
			);
			mainGroup = 94DADE3217EBB41D005AD206;
			productRefGroup = 94DADE3C17EBB41D005AD206 /* Products */;
			projectDirPath = "";
			projectRoot = "";
			targets = (
				94DADE3A17EBB41D005AD206 /* HomePwner */,
			);
		};
/* End PBXProject section */

/* Begin PBXResourcesBuildPhase section */
		94DADE3917EBB41D005AD206 /* Resources */ = {
			isa = PBXResourcesBuildPhase;
			buildActionMask = 2147483647;
			files = (
				94DADE4917EBB41E005AD206 /* InfoPlist.strings in Resources */,
				945C6E2917ED53F600DB6C56 /* FooterView.xib in Resources */,
				945C6E0A17ECDD8E00DB6C56 /* HeaderView.xib in Resources */,
				94DADE5117EBB41E005AD206 /* Default.png in Resources */,
				94DADE5317EBB41E005AD206 /* Default@2x.png in Resources */,
				94DADE5517EBB41E005AD206 /* Default-568h@2x.png in Resources */,
			);
			runOnlyForDeploymentPostprocessing = 0;
		};
/* End PBXResourcesBuildPhase section */

/* Begin PBXSourcesBuildPhase section */
		94DADE3717EBB41D005AD206 /* Sources */ = {
			isa = PBXSourcesBuildPhase;
			buildActionMask = 2147483647;
			files = (
				94DADE4B17EBB41E005AD206 /* main.m in Sources */,
				94DADE4F17EBB41E005AD206 /* HomePwnerAppDelegate.m in Sources */,
				94DADE5D17EBBA97005AD206 /* ItemsViewController.m in Sources */,
				94DADE6017EBBE18005AD206 /* BNRItem.m in Sources */,
				94DADE6317EBBF8E005AD206 /* BNRItemStore.m in Sources */,
			);
			runOnlyForDeploymentPostprocessing = 0;
		};
/* End PBXSourcesBuildPhase section */

/* Begin PBXVariantGroup section */
		94DADE4717EBB41E005AD206 /* InfoPlist.strings */ = {
			isa = PBXVariantGroup;
			children = (
				94DADE4817EBB41E005AD206 /* en */,
			);
			name = InfoPlist.strings;
			sourceTree = "<group>";
		};
/* End PBXVariantGroup section */

/* Begin XCBuildConfiguration section */
		94DADE5617EBB41E005AD206 /* Debug */ = {
			isa = XCBuildConfiguration;
			buildSettings = {
				ALWAYS_SEARCH_USER_PATHS = NO;
				CLANG_CXX_LANGUAGE_STANDARD = "gnu++0x";
				CLANG_CXX_LIBRARY = "libc++";
				CLANG_ENABLE_OBJC_ARC = YES;
				CLANG_WARN_CONSTANT_CONVERSION = YES;
				CLANG_WARN_EMPTY_BODY = YES;
				CLANG_WARN_ENUM_CONVERSION = YES;
				CLANG_WARN_INT_CONVERSION = YES;
				CLANG_WARN__DUPLICATE_METHOD_MATCH = YES;
				"CODE_SIGN_IDENTITY[sdk=iphoneos*]" = "iPhone Developer";
				COPY_PHASE_STRIP = NO;
				GCC_C_LANGUAGE_STANDARD = gnu99;
				GCC_DYNAMIC_NO_PIC = NO;
				GCC_OPTIMIZATION_LEVEL = 0;
				GCC_PREPROCESSOR_DEFINITIONS = (
					"DEBUG=1",
					"$(inherited)",
				);
				GCC_SYMBOLS_PRIVATE_EXTERN = NO;
				GCC_WARN_ABOUT_RETURN_TYPE = YES;
				GCC_WARN_UNINITIALIZED_AUTOS = YES;
				GCC_WARN_UNUSED_VARIABLE = YES;
				IPHONEOS_DEPLOYMENT_TARGET = 6.1;
				ONLY_ACTIVE_ARCH = YES;
				SDKROOT = iphoneos;
				TARGETED_DEVICE_FAMILY = "1,2";
			};
			name = Debug;
		};
		94DADE5717EBB41E005AD206 /* Release */ = {
			isa = XCBuildConfiguration;
			buildSettings = {
				ALWAYS_SEARCH_USER_PATHS = NO;
				CLANG_CXX_LANGUAGE_STANDARD = "gnu++0x";
				CLANG_CXX_LIBRARY = "libc++";
				CLANG_ENABLE_OBJC_ARC = YES;
				CLANG_WARN_CONSTANT_CONVERSION = YES;
				CLANG_WARN_EMPTY_BODY = YES;
				CLANG_WARN_ENUM_CONVERSION = YES;
				CLANG_WARN_INT_CONVERSION = YES;
				CLANG_WARN__DUPLICATE_METHOD_MATCH = YES;
				"CODE_SIGN_IDENTITY[sdk=iphoneos*]" = "iPhone Developer";
				COPY_PHASE_STRIP = YES;
				GCC_C_LANGUAGE_STANDARD = gnu99;
				GCC_WARN_ABOUT_RETURN_TYPE = YES;
				GCC_WARN_UNINITIALIZED_AUTOS = YES;
				GCC_WARN_UNUSED_VARIABLE = YES;
				IPHONEOS_DEPLOYMENT_TARGET = 6.1;
				OTHER_CFLAGS = "-DNS_BLOCK_ASSERTIONS=1";
				SDKROOT = iphoneos;
				TARGETED_DEVICE_FAMILY = "1,2";
				VALIDATE_PRODUCT = YES;
			};
			name = Release;
		};
		94DADE5917EBB41E005AD206 /* Debug */ = {
			isa = XCBuildConfiguration;
			buildSettings = {
				GCC_PRECOMPILE_PREFIX_HEADER = YES;
				GCC_PREFIX_HEADER = "HomePwner/HomePwner-Prefix.pch";
				INFOPLIST_FILE = "HomePwner/HomePwner-Info.plist";
				PRODUCT_NAME = "$(TARGET_NAME)";
				WRAPPER_EXTENSION = app;
			};
			name = Debug;
		};
		94DADE5A17EBB41E005AD206 /* Release */ = {
			isa = XCBuildConfiguration;
			buildSettings = {
				GCC_PRECOMPILE_PREFIX_HEADER = YES;
				GCC_PREFIX_HEADER = "HomePwner/HomePwner-Prefix.pch";
				INFOPLIST_FILE = "HomePwner/HomePwner-Info.plist";
				PRODUCT_NAME = "$(TARGET_NAME)";
				WRAPPER_EXTENSION = app;
			};
			name = Release;
		};
/* End XCBuildConfiguration section */

/* Begin XCConfigurationList section */
		94DADE3617EBB41D005AD206 /* Build configuration list for PBXProject "HomePwner" */ = {
			isa = XCConfigurationList;
			buildConfigurations = (
				94DADE5617EBB41E005AD206 /* Debug */,
				94DADE5717EBB41E005AD206 /* Release */,
			);
			defaultConfigurationIsVisible = 0;
			defaultConfigurationName = Release;
		};
		94DADE5817EBB41E005AD206 /* Build configuration list for PBXNativeTarget "HomePwner" */ = {
			isa = XCConfigurationList;
			buildConfigurations = (
				94DADE5917EBB41E005AD206 /* Debug */,
				94DADE5A17EBB41E005AD206 /* Release */,
			);
			defaultConfigurationIsVisible = 0;
			defaultConfigurationName = Release;
		};
/* End XCConfigurationList section */
	};
	rootObject = 94DADE3317EBB41D005AD206 /* Project object */;
}
